
Microsoft Visual Studio Solution File, Format Version 12.00
# Visual Studio Version 17
VisualStudioVersion = 17.7.34009.444
MinimumVisualStudioVersion = 10.0.40219.1
Project("{FAE04EC0-301F-11D3-BF4B-00C04F79EFBC}") = "CRUD_AgendaDeContato", "CRUD_AgendaDeContato\CRUD_AgendaDeContato.csproj", "{4E339F4D-B20D-4688-B5A2-38A9D1E5C920}"
EndProject
Global
	GlobalSection(SolutionConfigurationPlatforms) = preSolution
		Debug|Any CPU = Debug|Any CPU
		Release|Any CPU = Release|Any CPU
	EndGlobalSection
	GlobalSection(ProjectConfigurationPlatforms) = postSolution
		{4E339F4D-B20D-4688-B5A2-38A9D1E5C920}.Debug|Any CPU.ActiveCfg = Debug|Any CPU
		{4E339F4D-B20D-4688-B5A2-38A9D1E5C920}.Debug|Any CPU.Build.0 = Debug|Any CPU
		{4E339F4D-B20D-4688-B5A2-38A9D1E5C920}.Release|Any CPU.ActiveCfg = Release|Any CPU
		{4E339F4D-B20D-4688-B5A2-38A9D1E5C920}.Release|Any CPU.Build.0 = Release|Any CPU
	EndGlobalSection
	GlobalSection(SolutionProperties) = preSolution
		HideSolutionNode = FALSE
	EndGlobalSection
	GlobalSection(ExtensibilityGlobals) = postSolution
		SolutionGuid = {58CBFEC5-5C0C-41BA-B255-B98C86EF03B7}
	EndGlobalSection
EndGlobal
